
Microsoft Visual Studio Solution File, Format Version 12.00
# Visual Studio Version 16
VisualStudioVersion = 16.0.31515.178
MinimumVisualStudioVersion = 10.0.40219.1
Project("{8BC9CEB8-8B4A-11D0-8D11-00A0C91BC942}") = "LibP2P", "LibP2P.vcxproj", "{D051C10D-15E9-4E57-B7B0-B05083B94040}"
EndProject
Global
	GlobalSection(SolutionConfigurationPlatforms) = preSolution
		Debug|x64 = Debug|x64
		Debug|x86 = Debug|x86
		Release|x64 = Release|x64
		Release|x86 = Release|x86
	EndGlobalSection
	GlobalSection(ProjectConfigurationPlatforms) = postSolution
		{D051C10D-15E9-4E57-B7B0-B05083B94040}.Debug|x64.ActiveCfg = Debug|x64
		{D051C10D-15E9-4E57-B7B0-B05083B94040}.Debug|x64.Build.0 = Debug|x64
		{D051C10D-15E9-4E57-B7B0-B05083B94040}.Debug|x86.ActiveCfg = Debug|Win32
		{D051C10D-15E9-4E57-B7B0-B05083B94040}.Debug|x86.Build.0 = Debug|Win32
		{D051C10D-15E9-4E57-B7B0-B05083B94040}.Release|x64.ActiveCfg = Release|x64
		{D051C10D-15E9-4E57-B7B0-B05083B94040}.Release|x64.Build.0 = Release|x64
		{D051C10D-15E9-4E57-B7B0-B05083B94040}.Release|x86.ActiveCfg = Release|Win32
		{D051C10D-15E9-4E57-B7B0-B05083B94040}.Release|x86.Build.0 = Release|Win32
	EndGlobalSection
	GlobalSection(SolutionProperties) = preSolution
		HideSolutionNode = FALSE
	EndGlobalSection
	GlobalSection(ExtensibilityGlobals) = postSolution
		SolutionGuid = {F3F623BC-3396-44F6-B28A-D67EFB695743}
	EndGlobalSection
EndGlobal
